{
    "_readme": [
        "This file locks the dependencies of your project to a known state",
        "Read more about it at https://getcomposer.org/doc/01-basic-usage.md#installing-dependencies",
        "This file is @generated automatically"
    ],
    "content-hash": "849e6101f6e83af1c306a0f1463cbb8b",
    "packages": [
        {
            "name": "karamel/http",
            "version": "v0.1.6",
            "source": {
                "type": "git",
                "url": "https://github.com/karamel-pack/http.git",
                "reference": "6ba2727b87bd1121d3d71cbb966d107684378104"
            },
            "dist": {
                "type": "zip",
                "url": "https://api.github.com/repos/karamel-pack/http/zipball/6ba2727b87bd1121d3d71cbb966d107684378104",
                "reference": "6ba2727b87bd1121d3d71cbb966d107684378104",
                "shasum": ""
            },
            "type": "library",
            "autoload": {
                "psr-4": {
                    "Karamel\\Http\\": "src/"
                },
                "files": [
                    "src/Helpers/Helpers.php"
                ]
            },
            "notification-url": "https://packagist.org/downloads/",
            "license": [
                "MIT"
            ],
            "authors": [
                {
                    "name": "Amir Kalantar",
                    "email": "amir.kalantar@gmail.com"
                }
            ],
            "description": "http lib",
            "time": "2018-11-06T14:42:12+00:00"
        }
    ],
    "packages-dev": [],
    "aliases": [],
    "minimum-stability": "dev",
    "stability-flags": [],
    "prefer-stable": false,
    "prefer-lowest": false,
    "platform": [],
    "platform-dev": []
}
